
Microsoft Visual Studio Solution File, Format Version 12.00
# Visual Studio Version 16
VisualStudioVersion = 16.0.30621.155
MinimumVisualStudioVersion = 10.0.40219.1
Project("{FAE04EC0-301F-11D3-BF4B-00C04F79EFBC}") = "ServiciosBD", "..\ConexionBD\ServiciosBD.csproj", "{70C273AA-2077-454F-97CF-FC13ED92AF1C}"
EndProject
Project("{FAE04EC0-301F-11D3-BF4B-00C04F79EFBC}") = "VentanaRegistro", "..\..\..\VentanaRegUsuario\VentanaRegistro\VentanaRegistro.csproj", "{635C443F-3F57-4CA4-87FB-E1D08AD3F606}"
EndProject
Global
	GlobalSection(SolutionConfigurationPlatforms) = preSolution
		Debug|Any CPU = Debug|Any CPU
		Release|Any CPU = Release|Any CPU
	EndGlobalSection
	GlobalSection(ProjectConfigurationPlatforms) = postSolution
		{70C273AA-2077-454F-97CF-FC13ED92AF1C}.Debug|Any CPU.ActiveCfg = Debug|Any CPU
		{70C273AA-2077-454F-97CF-FC13ED92AF1C}.Debug|Any CPU.Build.0 = Debug|Any CPU
		{70C273AA-2077-454F-97CF-FC13ED92AF1C}.Release|Any CPU.ActiveCfg = Release|Any CPU
		{70C273AA-2077-454F-97CF-FC13ED92AF1C}.Release|Any CPU.Build.0 = Release|Any CPU
		{635C443F-3F57-4CA4-87FB-E1D08AD3F606}.Debug|Any CPU.ActiveCfg = Debug|Any CPU
		{635C443F-3F57-4CA4-87FB-E1D08AD3F606}.Debug|Any CPU.Build.0 = Debug|Any CPU
		{635C443F-3F57-4CA4-87FB-E1D08AD3F606}.Release|Any CPU.ActiveCfg = Release|Any CPU
		{635C443F-3F57-4CA4-87FB-E1D08AD3F606}.Release|Any CPU.Build.0 = Release|Any CPU
	EndGlobalSection
	GlobalSection(SolutionProperties) = preSolution
		HideSolutionNode = FALSE
	EndGlobalSection
	GlobalSection(ExtensibilityGlobals) = postSolution
		SolutionGuid = {1903F79B-84E3-4DBB-96F4-3AE24C36A8F2}
	EndGlobalSection
EndGlobal
