
Microsoft Visual Studio Solution File, Format Version 12.00
# Visual Studio Version 16
VisualStudioVersion = 16.0.30621.155
MinimumVisualStudioVersion = 10.0.40219.1
Project("{FAE04EC0-301F-11D3-BF4B-00C04F79EFBC}") = "UNO-Distribuido", "UNO-Distribuido.csproj", "{6BFC3A05-6A2F-44B1-B5B6-A0C9101FF12D}"
EndProject
Global
	GlobalSection(SolutionConfigurationPlatforms) = preSolution
		Debug|Any CPU = Debug|Any CPU
		Release|Any CPU = Release|Any CPU
	EndGlobalSection
	GlobalSection(ProjectConfigurationPlatforms) = postSolution
		{6BFC3A05-6A2F-44B1-B5B6-A0C9101FF12D}.Debug|Any CPU.ActiveCfg = Debug|Any CPU
		{6BFC3A05-6A2F-44B1-B5B6-A0C9101FF12D}.Debug|Any CPU.Build.0 = Debug|Any CPU
		{6BFC3A05-6A2F-44B1-B5B6-A0C9101FF12D}.Release|Any CPU.ActiveCfg = Release|Any CPU
		{6BFC3A05-6A2F-44B1-B5B6-A0C9101FF12D}.Release|Any CPU.Build.0 = Release|Any CPU
	EndGlobalSection
	GlobalSection(SolutionProperties) = preSolution
		HideSolutionNode = FALSE
	EndGlobalSection
	GlobalSection(ExtensibilityGlobals) = postSolution
		SolutionGuid = {1903F79B-84E3-4DBB-96F4-3AE24C36A8F2}
	EndGlobalSection
EndGlobal
